
Microsoft Visual Studio Solution File, Format Version 12.00
# Visual Studio Version 17
VisualStudioVersion = 17.1.32210.238
MinimumVisualStudioVersion = 10.0.40219.1
Project("{FAE04EC0-301F-11D3-BF4B-00C04F79EFBC}") = "API_PROJECT_FP_DAM", "API_PROJECT_FP_DAM.csproj", "{68F4CA98-6062-4B29-86AE-1CB2639DB6BD}"
EndProject
Global
	GlobalSection(SolutionConfigurationPlatforms) = preSolution
		Debug|Any CPU = Debug|Any CPU
		Release|Any CPU = Release|Any CPU
	EndGlobalSection
	GlobalSection(ProjectConfigurationPlatforms) = postSolution
		{68F4CA98-6062-4B29-86AE-1CB2639DB6BD}.Debug|Any CPU.ActiveCfg = Debug|Any CPU
		{68F4CA98-6062-4B29-86AE-1CB2639DB6BD}.Debug|Any CPU.Build.0 = Debug|Any CPU
		{68F4CA98-6062-4B29-86AE-1CB2639DB6BD}.Release|Any CPU.ActiveCfg = Release|Any CPU
		{68F4CA98-6062-4B29-86AE-1CB2639DB6BD}.Release|Any CPU.Build.0 = Release|Any CPU
	EndGlobalSection
	GlobalSection(SolutionProperties) = preSolution
		HideSolutionNode = FALSE
	EndGlobalSection
	GlobalSection(ExtensibilityGlobals) = postSolution
		SolutionGuid = {FFE8ECA1-5CD3-45F1-BA32-64AA2999E324}
	EndGlobalSection
EndGlobal
